
Microsoft Visual Studio Solution File, Format Version 12.00
# Visual Studio 14
VisualStudioVersion = 14.0.23107.0
MinimumVisualStudioVersion = 10.0.40219.1
Project("{6141683F-8A12-4E36-9623-2EB02B2C2303}") = "Heddoko Desktop", "Heddoko Desktop\Heddoko Desktop.isproj", "{23B4EC19-6BEB-4A05-8AD2-798D496C7D15}"
	ProjectSection(ProjectDependencies) = postProject
		{24779D4D-BAE3-4ABD-AA38-4D08DA945C7B} = {24779D4D-BAE3-4ABD-AA38-4D08DA945C7B}
	EndProjectSection
EndProject
Project("{FAE04EC0-301F-11D3-BF4B-00C04F79EFBC}") = "BrainpackService", "..\..\..\BrainpackService\BrainpackService\BrainpackService.csproj", "{24779D4D-BAE3-4ABD-AA38-4D08DA945C7B}"
EndProject
Global
	GlobalSection(SolutionConfigurationPlatforms) = preSolution
		CD_ROM|Any CPU = CD_ROM|Any CPU
		Debug|Any CPU = Debug|Any CPU
		DVD-5|Any CPU = DVD-5|Any CPU
		Release|Any CPU = Release|Any CPU
		SingleImage|Any CPU = SingleImage|Any CPU
	EndGlobalSection
	GlobalSection(ProjectConfigurationPlatforms) = postSolution
		{23B4EC19-6BEB-4A05-8AD2-798D496C7D15}.CD_ROM|Any CPU.ActiveCfg = SingleImage
		{23B4EC19-6BEB-4A05-8AD2-798D496C7D15}.CD_ROM|Any CPU.Build.0 = SingleImage
		{23B4EC19-6BEB-4A05-8AD2-798D496C7D15}.Debug|Any CPU.ActiveCfg = DVD-5
		{23B4EC19-6BEB-4A05-8AD2-798D496C7D15}.Debug|Any CPU.Build.0 = DVD-5
		{23B4EC19-6BEB-4A05-8AD2-798D496C7D15}.DVD-5|Any CPU.ActiveCfg = DVD-5
		{23B4EC19-6BEB-4A05-8AD2-798D496C7D15}.DVD-5|Any CPU.Build.0 = DVD-5
		{23B4EC19-6BEB-4A05-8AD2-798D496C7D15}.Release|Any CPU.ActiveCfg = SingleImage
		{23B4EC19-6BEB-4A05-8AD2-798D496C7D15}.Release|Any CPU.Build.0 = SingleImage
		{23B4EC19-6BEB-4A05-8AD2-798D496C7D15}.SingleImage|Any CPU.ActiveCfg = SingleImage
		{23B4EC19-6BEB-4A05-8AD2-798D496C7D15}.SingleImage|Any CPU.Build.0 = SingleImage
		{24779D4D-BAE3-4ABD-AA38-4D08DA945C7B}.CD_ROM|Any CPU.ActiveCfg = Debug|Any CPU
		{24779D4D-BAE3-4ABD-AA38-4D08DA945C7B}.CD_ROM|Any CPU.Build.0 = Debug|Any CPU
		{24779D4D-BAE3-4ABD-AA38-4D08DA945C7B}.Debug|Any CPU.ActiveCfg = Debug|Any CPU
		{24779D4D-BAE3-4ABD-AA38-4D08DA945C7B}.Debug|Any CPU.Build.0 = Debug|Any CPU
		{24779D4D-BAE3-4ABD-AA38-4D08DA945C7B}.DVD-5|Any CPU.ActiveCfg = Debug|Any CPU
		{24779D4D-BAE3-4ABD-AA38-4D08DA945C7B}.DVD-5|Any CPU.Build.0 = Debug|Any CPU
		{24779D4D-BAE3-4ABD-AA38-4D08DA945C7B}.Release|Any CPU.ActiveCfg = Release|Any CPU
		{24779D4D-BAE3-4ABD-AA38-4D08DA945C7B}.Release|Any CPU.Build.0 = Release|Any CPU
		{24779D4D-BAE3-4ABD-AA38-4D08DA945C7B}.SingleImage|Any CPU.ActiveCfg = Release|Any CPU
		{24779D4D-BAE3-4ABD-AA38-4D08DA945C7B}.SingleImage|Any CPU.Build.0 = Release|Any CPU
	EndGlobalSection
	GlobalSection(SolutionProperties) = preSolution
		HideSolutionNode = FALSE
	EndGlobalSection
EndGlobal
