Microsoft Visual Studio Solution File, Format Version 11.00
# Visual Studio 2008

Project("{E4111CFD-91E9-FB28-5D20-DEB6573A4575}") = "Caoching Demo 0.0.3", "Assembly-CSharp-firstpass-vs.csproj", "{B8ADD1EC-9B8C-7BE1-7E55-F2DA87692AF6}"
EndProject
Project("{E4111CFD-91E9-FB28-5D20-DEB6573A4575}") = "Caoching Demo 0.0.3", "Assembly-CSharp-vs.csproj", "{4B8F9B6E-2901-AEDD-28ED-9DC0AF939FD9}"
EndProject
Project("{E4111CFD-91E9-FB28-5D20-DEB6573A4575}") = "Caoching Demo 0.0.3", "Assembly-CSharp-Editor-vs.csproj", "{4DF3EC54-B5BD-462D-E185-1C461DDB8EDD}"
EndProject
Global
	GlobalSection(SolutionConfigurationPlatforms) = preSolution
		Debug|Any CPU = Debug|Any CPU
		Release|Any CPU = Release|Any CPU
	EndGlobalSection
	GlobalSection(ProjectConfigurationPlatforms) = postSolution
		{B8ADD1EC-9B8C-7BE1-7E55-F2DA87692AF6}.Debug|Any CPU.ActiveCfg = Debug|Any CPU
		{B8ADD1EC-9B8C-7BE1-7E55-F2DA87692AF6}.Debug|Any CPU.Build.0 = Debug|Any CPU
		{B8ADD1EC-9B8C-7BE1-7E55-F2DA87692AF6}.Release|Any CPU.ActiveCfg = Release|Any CPU
		{B8ADD1EC-9B8C-7BE1-7E55-F2DA87692AF6}.Release|Any CPU.Build.0 = Release|Any CPU
		{4B8F9B6E-2901-AEDD-28ED-9DC0AF939FD9}.Debug|Any CPU.ActiveCfg = Debug|Any CPU
		{4B8F9B6E-2901-AEDD-28ED-9DC0AF939FD9}.Debug|Any CPU.Build.0 = Debug|Any CPU
		{4B8F9B6E-2901-AEDD-28ED-9DC0AF939FD9}.Release|Any CPU.ActiveCfg = Release|Any CPU
		{4B8F9B6E-2901-AEDD-28ED-9DC0AF939FD9}.Release|Any CPU.Build.0 = Release|Any CPU
		{4DF3EC54-B5BD-462D-E185-1C461DDB8EDD}.Debug|Any CPU.ActiveCfg = Debug|Any CPU
		{4DF3EC54-B5BD-462D-E185-1C461DDB8EDD}.Debug|Any CPU.Build.0 = Debug|Any CPU
		{4DF3EC54-B5BD-462D-E185-1C461DDB8EDD}.Release|Any CPU.ActiveCfg = Release|Any CPU
		{4DF3EC54-B5BD-462D-E185-1C461DDB8EDD}.Release|Any CPU.Build.0 = Release|Any CPU
	EndGlobalSection
	GlobalSection(SolutionProperties) = preSolution
		HideSolutionNode = FALSE
	EndGlobalSection
																																																																																																																																																																																																																																																																																																																							GlobalSection(MonoDevelopProperties) = preSolution
=======
																																																																																																																																																																																																																																							GlobalSection(MonoDevelopProperties) = preSolution
>>>>>>> 429b6a317bc8b12842275a01c687223d34e24d22
=======
																																																																																																																																																										GlobalSection(MonoDevelopProperties) = preSolution
>>>>>>> 5e2ca36bd245e6615aeb77d16211e9065ffe8245
=======
																																																																																																														GlobalSection(MonoDevelopProperties) = preSolution
>>>>>>> origin/master
		StartupItem = Assembly-CSharp.csproj
		Policies = $0
		$0.TextStylePolicy = $1
		$1.inheritsSet = null
		$1.scope = text/x-csharp
		$0.CSharpFormattingPolicy = $2
		$2.inheritsSet = Mono
		$2.inheritsScope = text/x-csharp
		$2.scope = text/x-csharp
		$0.TextStylePolicy = $3
		$3.FileWidth = 120
		$3.TabWidth = 4
		$3.IndentWidth = 4
		$3.EolMarker = Unix
		$3.inheritsSet = Mono
		$3.inheritsScope = text/plain
		$3.scope = text/plain
	EndGlobalSection

EndGlobal
