Microsoft Visual Studio Solution File, Format Version 11.00
# Visual Studio 2008

Project("{17AF6B8E-FB77-12D8-C056-FA89EC8AF709}") = "Unity_Test", "Assembly-CSharp-vs.csproj", "{1C4594E9-9190-448B-800C-69451911D173}"
EndProject
Project("{17AF6B8E-FB77-12D8-C056-FA89EC8AF709}") = "Unity_Test", "Assembly-CSharp-Editor-vs.csproj", "{3364CAC2-5D9B-E356-526B-F44A8B3A7BB4}"
EndProject
Global
	GlobalSection(SolutionConfigurationPlatforms) = preSolution
		Debug|Any CPU = Debug|Any CPU
		Release|Any CPU = Release|Any CPU
	EndGlobalSection
	GlobalSection(ProjectConfigurationPlatforms) = postSolution
		{1C4594E9-9190-448B-800C-69451911D173}.Debug|Any CPU.ActiveCfg = Debug|Any CPU
		{1C4594E9-9190-448B-800C-69451911D173}.Debug|Any CPU.Build.0 = Debug|Any CPU
		{1C4594E9-9190-448B-800C-69451911D173}.Release|Any CPU.ActiveCfg = Release|Any CPU
		{1C4594E9-9190-448B-800C-69451911D173}.Release|Any CPU.Build.0 = Release|Any CPU
		{3364CAC2-5D9B-E356-526B-F44A8B3A7BB4}.Debug|Any CPU.ActiveCfg = Debug|Any CPU
		{3364CAC2-5D9B-E356-526B-F44A8B3A7BB4}.Debug|Any CPU.Build.0 = Debug|Any CPU
		{3364CAC2-5D9B-E356-526B-F44A8B3A7BB4}.Release|Any CPU.ActiveCfg = Release|Any CPU
		{3364CAC2-5D9B-E356-526B-F44A8B3A7BB4}.Release|Any CPU.Build.0 = Release|Any CPU
	EndGlobalSection
	GlobalSection(SolutionProperties) = preSolution
		HideSolutionNode = FALSE
	EndGlobalSection
																																																																																																																				GlobalSection(MonoDevelopProperties) = preSolution
		StartupItem = Assembly-CSharp.csproj
		Policies = $0
		$0.TextStylePolicy = $1
		$1.inheritsSet = null
		$1.scope = text/x-csharp
		$0.CSharpFormattingPolicy = $2
		$2.inheritsSet = Mono
		$2.inheritsScope = text/x-csharp
		$2.scope = text/x-csharp
		$0.TextStylePolicy = $3
		$3.FileWidth = 120
		$3.TabWidth = 4
		$3.EolMarker = Unix
		$3.inheritsSet = Mono
		$3.inheritsScope = text/plain
		$3.scope = text/plain
	EndGlobalSection

EndGlobal
